
Microsoft Visual Studio Solution File, Format Version 12.00
# Visual Studio 2012
Project("{FAE04EC0-301F-11D3-BF4B-00C04F79EFBC}") = "Nutritionix", "Nutritionix\Nutritionix.csproj", "{7B38F2B3-2184-4E40-A420-7B67CC267E0A}"
EndProject
Project("{FAE04EC0-301F-11D3-BF4B-00C04F79EFBC}") = "Nutritionix.Samples", "Nutritionix.Samples\Nutritionix.Samples.csproj", "{4005CF66-B61D-4592-88A1-41D5FBF011C5}"
EndProject
Project("{FAE04EC0-301F-11D3-BF4B-00C04F79EFBC}") = "Nutritionix.Tests", "Nutritionix.Tests\Nutritionix.Tests.csproj", "{291324C5-BEF3-467C-8B88-E8B2070C10FF}"
EndProject
Project("{2150E333-8FDC-42A3-9474-1A3956D46DE8}") = ".nuget", ".nuget", "{F46FE583-2CBB-454B-85D0-940E1D960D79}"
	ProjectSection(SolutionItems) = preProject
		.nuget\NuGet.Config = .nuget\NuGet.Config
		.nuget\NuGet.exe = .nuget\NuGet.exe
		.nuget\NuGet.targets = .nuget\NuGet.targets
	EndProjectSection
EndProject
Project("{2150E333-8FDC-42A3-9474-1A3956D46DE8}") = "nuget", "nuget", "{67EB254F-7E9E-4F44-BDF1-065D8B870560}"
	ProjectSection(SolutionItems) = preProject
		nuget\build.bat = nuget\build.bat
		nuget\Nutritionix.nuspec = nuget\Nutritionix.nuspec
		nuget\Nutritionix.Samples.nuspec = nuget\Nutritionix.Samples.nuspec
	EndProjectSection
EndProject
Global
	GlobalSection(SolutionConfigurationPlatforms) = preSolution
		Debug|Any CPU = Debug|Any CPU
		Release|Any CPU = Release|Any CPU
	EndGlobalSection
	GlobalSection(ProjectConfigurationPlatforms) = postSolution
		{7B38F2B3-2184-4E40-A420-7B67CC267E0A}.Debug|Any CPU.ActiveCfg = Debug|Any CPU
		{7B38F2B3-2184-4E40-A420-7B67CC267E0A}.Debug|Any CPU.Build.0 = Debug|Any CPU
		{7B38F2B3-2184-4E40-A420-7B67CC267E0A}.Release|Any CPU.ActiveCfg = Release|Any CPU
		{7B38F2B3-2184-4E40-A420-7B67CC267E0A}.Release|Any CPU.Build.0 = Release|Any CPU
		{4005CF66-B61D-4592-88A1-41D5FBF011C5}.Debug|Any CPU.ActiveCfg = Debug|Any CPU
		{4005CF66-B61D-4592-88A1-41D5FBF011C5}.Debug|Any CPU.Build.0 = Debug|Any CPU
		{4005CF66-B61D-4592-88A1-41D5FBF011C5}.Release|Any CPU.ActiveCfg = Release|Any CPU
		{4005CF66-B61D-4592-88A1-41D5FBF011C5}.Release|Any CPU.Build.0 = Release|Any CPU
		{291324C5-BEF3-467C-8B88-E8B2070C10FF}.Debug|Any CPU.ActiveCfg = Debug|Any CPU
		{291324C5-BEF3-467C-8B88-E8B2070C10FF}.Debug|Any CPU.Build.0 = Debug|Any CPU
		{291324C5-BEF3-467C-8B88-E8B2070C10FF}.Release|Any CPU.ActiveCfg = Release|Any CPU
		{291324C5-BEF3-467C-8B88-E8B2070C10FF}.Release|Any CPU.Build.0 = Release|Any CPU
	EndGlobalSection
	GlobalSection(SolutionProperties) = preSolution
		HideSolutionNode = FALSE
	EndGlobalSection
EndGlobal
